
Microsoft Visual Studio Solution File, Format Version 12.00
# Visual Studio Version 16
VisualStudioVersion = 16.0.31025.194
MinimumVisualStudioVersion = 10.0.40219.1
Project("{FAE04EC0-301F-11D3-BF4B-00C04F79EFBC}") = "GameProject", "GameProject\GameProject.csproj", "{64E594EF-F144-4893-9685-18CCDE0F64EF}"
EndProject
Global
	GlobalSection(SolutionConfigurationPlatforms) = preSolution
		Debug|Any CPU = Debug|Any CPU
		Release|Any CPU = Release|Any CPU
	EndGlobalSection
	GlobalSection(ProjectConfigurationPlatforms) = postSolution
		{64E594EF-F144-4893-9685-18CCDE0F64EF}.Debug|Any CPU.ActiveCfg = Debug|Any CPU
		{64E594EF-F144-4893-9685-18CCDE0F64EF}.Debug|Any CPU.Build.0 = Debug|Any CPU
		{64E594EF-F144-4893-9685-18CCDE0F64EF}.Release|Any CPU.ActiveCfg = Release|Any CPU
		{64E594EF-F144-4893-9685-18CCDE0F64EF}.Release|Any CPU.Build.0 = Release|Any CPU
	EndGlobalSection
	GlobalSection(SolutionProperties) = preSolution
		HideSolutionNode = FALSE
	EndGlobalSection
	GlobalSection(ExtensibilityGlobals) = postSolution
		SolutionGuid = {7E302679-3588-44FA-97A5-EE4248745228}
	EndGlobalSection
EndGlobal
